
Microsoft Visual Studio Solution File, Format Version 12.00
# Visual Studio Version 17
VisualStudioVersion = 17.13.35931.197
MinimumVisualStudioVersion = 10.0.40219.1
Project("{FAE04EC0-301F-11D3-BF4B-00C04F79EFBC}") = "Clubify", "Clubify.csproj", "{1666865E-CD11-4802-85B4-911455DEDE21}"
EndProject
Global
	GlobalSection(SolutionConfigurationPlatforms) = preSolution
		Debug|Any CPU = Debug|Any CPU
		Release|Any CPU = Release|Any CPU
	EndGlobalSection
	GlobalSection(ProjectConfigurationPlatforms) = postSolution
		{1666865E-CD11-4802-85B4-911455DEDE21}.Debug|Any CPU.ActiveCfg = Debug|Any CPU
		{1666865E-CD11-4802-85B4-911455DEDE21}.Debug|Any CPU.Build.0 = Debug|Any CPU
		{1666865E-CD11-4802-85B4-911455DEDE21}.Release|Any CPU.ActiveCfg = Release|Any CPU
		{1666865E-CD11-4802-85B4-911455DEDE21}.Release|Any CPU.Build.0 = Release|Any CPU
	EndGlobalSection
	GlobalSection(SolutionProperties) = preSolution
		HideSolutionNode = FALSE
	EndGlobalSection
	GlobalSection(ExtensibilityGlobals) = postSolution
		SolutionGuid = {7C4EA784-4DD7-4F10-BCED-4434D46784AD}
	EndGlobalSection
EndGlobal
